# THIS IS AN AUTOGENERATED FILE. DO NOT EDIT THIS FILE DIRECTLY.
# yarn lockfile v1


"@babel/code-frame@^7.12.13":
  "integrity" "sha512-BcYH1CVJBO9tvyIZ2jVeXgSIMvGZ2FDRvDdOIVQyuklNKSsx+eppDEBq/g47Ayw+RqNFE+URvOShmf+f/qwAlA=="
  "resolved" "https://registry.npmjs.org/@babel/code-frame/-/code-frame-7.24.7.tgz"
  "version" "7.24.7"
  dependencies:
    "@babel/highlight" "^7.24.7"
    "picocolors" "^1.0.0"

"@babel/helper-validator-identifier@^7.24.7":
  "integrity" "sha512-rR+PBcQ1SMQDDyF6X0wxtG8QyLCgUB0eRAGguqRLfkCA87l7yAP7ehq8SNj96OOGTO8OBV70KhuFYcIkHXOg0w=="
  "resolved" "https://registry.npmjs.org/@babel/helper-validator-identifier/-/helper-validator-identifier-7.24.7.tgz"
  "version" "7.24.7"

"@babel/highlight@^7.24.7":
  "integrity" "sha512-EStJpq4OuY8xYfhGVXngigBJRWxftKX9ksiGDnmlY3o7B/V7KIAc9X4oiK87uPJSc/vs5L869bem5fhZa8caZw=="
  "resolved" "https://registry.npmjs.org/@babel/highlight/-/highlight-7.24.7.tgz"
  "version" "7.24.7"
  dependencies:
    "@babel/helper-validator-identifier" "^7.24.7"
    "chalk" "^2.4.2"
    "js-tokens" "^4.0.0"
    "picocolors" "^1.0.0"

"@jest/expect-utils@^29.7.0":
  "integrity" "sha512-GlsNBWiFQFCVi9QVSx7f5AgMeLxe9YCCs5PuP2O2LdjDAA8Jh9eX7lA1Jq/xdXw3Wb3hyvlFNfZIfcRetSzYcA=="
  "resolved" "https://registry.npmjs.org/@jest/expect-utils/-/expect-utils-29.7.0.tgz"
  "version" "29.7.0"
  dependencies:
    "jest-get-type" "^29.6.3"

"@jest/schemas@^29.6.3":
  "integrity" "sha512-mo5j5X+jIZmJQveBKeS/clAueipV7KgiX1vMgCxam1RNYiqE1w62n0/tJJnHtjW8ZHcQco5gY85jA3mi0L+nSA=="
  "resolved" "https://registry.npmjs.org/@jest/schemas/-/schemas-29.6.3.tgz"
  "version" "29.6.3"
  dependencies:
    "@sinclair/typebox" "^0.27.8"

"@jest/types@^29.6.3":
  "integrity" "sha512-u3UPsIilWKOM3F9CXtrG8LEJmNxwoCQC/XVj4IKYXvvpx7QIi/Kg1LI5uDmDpKlac62NUtX7eLjRh+jVZcLOzw=="
  "resolved" "https://registry.npmjs.org/@jest/types/-/types-29.6.3.tgz"
  "version" "29.6.3"
  dependencies:
    "@jest/schemas" "^29.6.3"
    "@types/istanbul-lib-coverage" "^2.0.0"
    "@types/istanbul-reports" "^3.0.0"
    "@types/node" "*"
    "@types/yargs" "^17.0.8"
    "chalk" "^4.0.0"

"@rollup/plugin-image@^3.0.3":
  "integrity" "sha512-qXWQwsXpvD4trSb8PeFPFajp8JLpRtqqOeNYRUKnEQNHm7e5UP7fuSRcbjQAJ7wDZBbnJvSdY5ujNBQd9B1iFg=="
  "resolved" "https://registry.npmjs.org/@rollup/plugin-image/-/plugin-image-3.0.3.tgz"
  "version" "3.0.3"
  dependencies:
    "@rollup/pluginutils" "^5.0.1"
    "mini-svg-data-uri" "^1.4.4"

"@rollup/pluginutils@^5.0.1":
  "integrity" "sha512-XTIWOPPcpvyKI6L1NHo0lFlCyznUEyPmPY1mc3KpPVDYulHSTvyeLNVW00QTLIAFNhR3kYnJTQHeGqU4M3n09g=="
  "resolved" "https://registry.npmjs.org/@rollup/pluginutils/-/pluginutils-5.1.0.tgz"
  "version" "5.1.0"
  dependencies:
    "@types/estree" "^1.0.0"
    "estree-walker" "^2.0.2"
    "picomatch" "^2.3.1"

"@sinclair/typebox@^0.27.8":
  "integrity" "sha512-+Fj43pSMwJs4KRrH/938Uf+uAELIgVBmQzg/q1YG10djyfA3TnrU8N8XzqCh/okZdszqBQTZf96idMfE5lnwTA=="
  "resolved" "https://registry.npmjs.org/@sinclair/typebox/-/typebox-0.27.8.tgz"
  "version" "0.27.8"

"@trysound/sax@0.2.0":
  "integrity" "sha512-L7z9BgrNEcYyUYtF+HaEfiS5ebkh9jXqbszz7pC0hRBPaatV0XjSD3+eHrpqFemQfgwiFF0QPIarnIihIDn7OA=="
  "resolved" "https://registry.npmjs.org/@trysound/sax/-/sax-0.2.0.tgz"
  "version" "0.2.0"

"@types/estree@^1.0.0":
  "integrity" "sha512-AYnb1nQyY49te+VRAVgmzfcgjYS91mY5P0TKUDCLEM+gNnA+3T6rWITXRLYCpahpqSQbN5cE+gHpnPyXjHWxcw=="
  "resolved" "https://registry.npmjs.org/@types/estree/-/estree-1.0.6.tgz"
  "version" "1.0.6"

"@types/istanbul-lib-coverage@*", "@types/istanbul-lib-coverage@^2.0.0":
  "integrity" "sha512-2QF/t/auWm0lsy8XtKVPG19v3sSOQlJe/YHZgfjb/KBBHOGSV+J2q/S671rcq9uTBrLAXmZpqJiaQbMT+zNU1w=="
  "resolved" "https://registry.npmjs.org/@types/istanbul-lib-coverage/-/istanbul-lib-coverage-2.0.6.tgz"
  "version" "2.0.6"

"@types/istanbul-lib-report@*":
  "integrity" "sha512-NQn7AHQnk/RSLOxrBbGyJM/aVQ+pjj5HCgasFxc0K/KhoATfQ/47AyUl15I2yBUpihjmas+a+VJBOqecrFH+uA=="
  "resolved" "https://registry.npmjs.org/@types/istanbul-lib-report/-/istanbul-lib-report-3.0.3.tgz"
  "version" "3.0.3"
  dependencies:
    "@types/istanbul-lib-coverage" "*"

"@types/istanbul-reports@^3.0.0":
  "integrity" "sha512-pk2B1NWalF9toCRu6gjBzR69syFjP4Od8WRAX+0mmf9lAjCRicLOWc+ZrxZHx/0XRjotgkF9t6iaMJ+aXcOdZQ=="
  "resolved" "https://registry.npmjs.org/@types/istanbul-reports/-/istanbul-reports-3.0.4.tgz"
  "version" "3.0.4"
  dependencies:
    "@types/istanbul-lib-report" "*"

"@types/jest@^29.5.13":
  "integrity" "sha512-wd+MVEZCHt23V0/L642O5APvspWply/rGY5BcW4SUETo2UzPU3Z26qr8jC2qxpimI2jjx9h7+2cj2FwIr01bXg=="
  "resolved" "https://registry.npmjs.org/@types/jest/-/jest-29.5.13.tgz"
  "version" "29.5.13"
  dependencies:
    "expect" "^29.0.0"
    "pretty-format" "^29.0.0"

"@types/node@*":
  "integrity" "sha512-Xjs4y5UPO/CLdzpgR6GirZJx36yScjh73+2NlLlkFRSoQN8B0DpfXPdZGnvVmLRLOsqDpOfTNv7D9trgGhmOIA=="
  "resolved" "https://registry.npmjs.org/@types/node/-/node-22.5.5.tgz"
  "version" "22.5.5"
  dependencies:
    "undici-types" "~6.19.2"

"@types/prop-types@*":
  "integrity" "sha512-hCZTSvwbzWGvhqxp/RqVqwU999pBf2vp7hzIjiYOsl8wqOmUxkQ6ddw1cV3l8811+kdUFus/q4d1Y3E3SyEifA=="
  "resolved" "https://registry.npmjs.org/@types/prop-types/-/prop-types-15.7.13.tgz"
  "version" "15.7.13"

"@types/react@^18.3.7":
  "integrity" "sha512-KUnDCJF5+AiZd8owLIeVHqmW9yM4sqmDVf2JRJiBMFkGvkoZ4/WyV2lL4zVsoinmRS/W3FeEdZLEWFRofnT2FQ=="
  "resolved" "https://registry.npmjs.org/@types/react/-/react-18.3.7.tgz"
  "version" "18.3.7"
  dependencies:
    "@types/prop-types" "*"
    "csstype" "^3.0.2"

"@types/stack-utils@^2.0.0":
  "integrity" "sha512-9aEbYZ3TbYMznPdcdr3SmIrLXwC/AKZXQeCf9Pgao5CKb8CyHuEX5jzWPTkvregvhRJHcpRO6BFoGW9ycaOkYw=="
  "resolved" "https://registry.npmjs.org/@types/stack-utils/-/stack-utils-2.0.3.tgz"
  "version" "2.0.3"

"@types/yargs-parser@*":
  "integrity" "sha512-I4q9QU9MQv4oEOz4tAHJtNz1cwuLxn2F3xcc2iV5WdqLPpUnj30aUuxt1mAxYTG+oe8CZMV/+6rU4S4gRDzqtQ=="
  "resolved" "https://registry.npmjs.org/@types/yargs-parser/-/yargs-parser-21.0.3.tgz"
  "version" "21.0.3"

"@types/yargs@^17.0.8":
  "integrity" "sha512-WpxBCKWPLr4xSsHgz511rFJAM+wS28w2zEO1QDNY5zM/S8ok70NNfztH0xwhqKyaK0OHCbN98LDAZuy1ctxDkA=="
  "resolved" "https://registry.npmjs.org/@types/yargs/-/yargs-17.0.33.tgz"
  "version" "17.0.33"
  dependencies:
    "@types/yargs-parser" "*"

"ansi-styles@^3.2.1":
  "integrity" "sha512-VT0ZI6kZRdTh8YyJw3SMbYm/u+NqfsAxEpWO0Pf9sq8/e94WxxOpPKx9FR1FlyCtOVDNOQ+8ntlqFxiRc+r5qA=="
  "resolved" "https://registry.npmjs.org/ansi-styles/-/ansi-styles-3.2.1.tgz"
  "version" "3.2.1"
  dependencies:
    "color-convert" "^1.9.0"

"ansi-styles@^4.1.0":
  "integrity" "sha512-zbB9rCJAT1rbjiVDb2hqKFHNYLxgtk8NURxZ3IZwD3F6NtxbXZQCnnSi1Lkx+IDohdPlFp222wVALIheZJQSEg=="
  "resolved" "https://registry.npmjs.org/ansi-styles/-/ansi-styles-4.3.0.tgz"
  "version" "4.3.0"
  dependencies:
    "color-convert" "^2.0.1"

"ansi-styles@^5.0.0":
  "integrity" "sha512-Cxwpt2SfTzTtXcfOlzGEee8O+c+MmUgGrNiBcXnuWxuFJHe6a5Hz7qwhwe5OgaSYI0IJvkLqWX1ASG+cJOkEiA=="
  "resolved" "https://registry.npmjs.org/ansi-styles/-/ansi-styles-5.2.0.tgz"
  "version" "5.2.0"

"boolbase@^1.0.0":
  "integrity" "sha512-JZOSA7Mo9sNGB8+UjSgzdLtokWAky1zbztM3WRLCbZ70/3cTANmQmOdR7y2g+J0e2WXywy1yS468tY+IruqEww=="
  "resolved" "https://registry.npmjs.org/boolbase/-/boolbase-1.0.0.tgz"
  "version" "1.0.0"

"braces@^3.0.3":
  "integrity" "sha512-yQbXgO/OSZVD2IsiLlro+7Hf6Q18EJrKSEsdoMzKePKXct3gvD8oLcOQdIzGupr5Fj+EDe8gO/lxc1BzfMpxvA=="
  "resolved" "https://registry.npmjs.org/braces/-/braces-3.0.3.tgz"
  "version" "3.0.3"
  dependencies:
    "fill-range" "^7.1.1"

"browserslist@^4.0.0", "browserslist@^4.21.4", "browserslist@>= 4.21.0":
  "integrity" "sha512-btwCFJVjI4YWDNfau8RhZ+B1Q/VLoUITrm3RlP6y1tYGWIOa+InuYiRGXUBXo8nA1qKmHMyLB/iVQg5TT4eFoA=="
  "resolved" "https://registry.npmjs.org/browserslist/-/browserslist-4.23.3.tgz"
  "version" "4.23.3"
  dependencies:
    "caniuse-lite" "^1.0.30001646"
    "electron-to-chromium" "^1.5.4"
    "node-releases" "^2.0.18"
    "update-browserslist-db" "^1.1.0"

"caniuse-api@^3.0.0":
  "integrity" "sha512-bsTwuIg/BZZK/vreVTYYbSWoe2F+71P7K5QGEX+pT250DZbfU1MQ5prOKpPR+LL6uWKK3KMwMCAS74QB3Um1uw=="
  "resolved" "https://registry.npmjs.org/caniuse-api/-/caniuse-api-3.0.0.tgz"
  "version" "3.0.0"
  dependencies:
    "browserslist" "^4.0.0"
    "caniuse-lite" "^1.0.0"
    "lodash.memoize" "^4.1.2"
    "lodash.uniq" "^4.5.0"

"caniuse-lite@^1.0.0", "caniuse-lite@^1.0.30001646":
  "integrity" "sha512-sgMUVwLmGseH8ZIrm1d51UbrhqMCH3jvS7gF/M6byuHOnKyLOBL7W8yz5V02OHwgLGA36o/AFhWzzh4uc5aqTA=="
  "resolved" "https://registry.npmjs.org/caniuse-lite/-/caniuse-lite-1.0.30001662.tgz"
  "version" "1.0.30001662"

"chalk@^2.4.2":
  "integrity" "sha512-Mti+f9lpJNcwF4tWV8/OrTTtF1gZi+f8FqlyAdouralcFWFQWF2+NgCHShjkCb+IFBLq9buZwE1xckQU4peSuQ=="
  "resolved" "https://registry.npmjs.org/chalk/-/chalk-2.4.2.tgz"
  "version" "2.4.2"
  dependencies:
    "ansi-styles" "^3.2.1"
    "escape-string-regexp" "^1.0.5"
    "supports-color" "^5.3.0"

"chalk@^4.0.0", "chalk@^4.1.0":
  "integrity" "sha512-oKnbhFyRIXpUuez8iBMmyEa4nbj4IOQyuhc/wy9kY7/WVPcwIO9VA668Pu8RkO7+0G76SLROeyw9CpQ061i4mA=="
  "resolved" "https://registry.npmjs.org/chalk/-/chalk-4.1.2.tgz"
  "version" "4.1.2"
  dependencies:
    "ansi-styles" "^4.1.0"
    "supports-color" "^7.1.0"

"ci-info@^3.2.0":
  "integrity" "sha512-NIxF55hv4nSqQswkAeiOi1r83xy8JldOFDTWiug55KBu9Jnblncd2U6ViHmYgHf01TPZS77NJBhBMKdWj9HQMQ=="
  "resolved" "https://registry.npmjs.org/ci-info/-/ci-info-3.9.0.tgz"
  "version" "3.9.0"

"color-convert@^1.9.0":
  "integrity" "sha512-QfAUtd+vFdAtFQcC8CCyYt1fYWxSqAiK2cSD6zDB8N3cpsEBAvRxp9zOGg6G/SHHJYAT88/az/IuDGALsNVbGg=="
  "resolved" "https://registry.npmjs.org/color-convert/-/color-convert-1.9.3.tgz"
  "version" "1.9.3"
  dependencies:
    "color-name" "1.1.3"

"color-convert@^2.0.1":
  "integrity" "sha512-RRECPsj7iu/xb5oKYcsFHSppFNnsj/52OVTRKb4zP5onXwVF3zVmmToNcOfGC+CRDpfK/U584fMg38ZHCaElKQ=="
  "resolved" "https://registry.npmjs.org/color-convert/-/color-convert-2.0.1.tgz"
  "version" "2.0.1"
  dependencies:
    "color-name" "~1.1.4"

"color-name@~1.1.4":
  "integrity" "sha512-dOy+3AuW3a2wNbZHIuMZpTcgjGuLU/uBL/ubcZF9OXbDo8ff4O8yVp5Bf0efS8uEoYo5q4Fx7dY9OgQGXgAsQA=="
  "resolved" "https://registry.npmjs.org/color-name/-/color-name-1.1.4.tgz"
  "version" "1.1.4"

"color-name@1.1.3":
  "integrity" "sha512-72fSenhMw2HZMTVHeCA9KCmpEIbzWiQsjN+BHcBbS9vr1mtt+vJjPdksIBNUmKAW8TFUDPJK5SUU3QhE9NEXDw=="
  "resolved" "https://registry.npmjs.org/color-name/-/color-name-1.1.3.tgz"
  "version" "1.1.3"

"colord@^2.9.1":
  "integrity" "sha512-jeC1axXpnb0/2nn/Y1LPuLdgXBLH7aDcHu4KEKfqw3CUhX7ZpfBSlPKyqXE6btIgEzfWtrX3/tyBCaCvXvMkOw=="
  "resolved" "https://registry.npmjs.org/colord/-/colord-2.9.3.tgz"
  "version" "2.9.3"

"commander@^7.2.0":
  "integrity" "sha512-QrWXB+ZQSVPmIWIhtEO9H+gwHaMGYiF5ChvoJ+K9ZGHG/sVsa6yiesAD1GC/x46sET00Xlwo1u49RVVVzvcSkw=="
  "resolved" "https://registry.npmjs.org/commander/-/commander-7.2.0.tgz"
  "version" "7.2.0"

"concat-with-sourcemaps@^1.1.0":
  "integrity" "sha512-4gEjHJFT9e+2W/77h/DS5SGUgwDaOwprX8L/gl5+3ixnzkVJJsZWDSelmN3Oilw3LNDZjZV0yqH1hLG3k6nghg=="
  "resolved" "https://registry.npmjs.org/concat-with-sourcemaps/-/concat-with-sourcemaps-1.1.0.tgz"
  "version" "1.1.0"
  dependencies:
    "source-map" "^0.6.1"

"css-declaration-sorter@^6.3.1":
  "integrity" "sha512-rtdthzxKuyq6IzqX6jEcIzQF/YqccluefyCYheovBOLhFT/drQA9zj/UbRAa9J7C0o6EG6u3E6g+vKkay7/k3g=="
  "resolved" "https://registry.npmjs.org/css-declaration-sorter/-/css-declaration-sorter-6.4.1.tgz"
  "version" "6.4.1"

"css-select@^4.1.3":
  "integrity" "sha512-wPpOYtnsVontu2mODhA19JrqWxNsfdatRKd64kmpRbQgh1KtItko5sTnEpPdpSaJszTOhEMlF/RPz28qj4HqhQ=="
  "resolved" "https://registry.npmjs.org/css-select/-/css-select-4.3.0.tgz"
  "version" "4.3.0"
  dependencies:
    "boolbase" "^1.0.0"
    "css-what" "^6.0.1"
    "domhandler" "^4.3.1"
    "domutils" "^2.8.0"
    "nth-check" "^2.0.1"

"css-tree@^1.1.2", "css-tree@^1.1.3":
  "integrity" "sha512-tRpdppF7TRazZrjJ6v3stzv93qxRcSsFmW6cX0Zm2NVKpxE1WV1HblnghVv9TreireHkqI/VDEsfolRF1p6y7Q=="
  "resolved" "https://registry.npmjs.org/css-tree/-/css-tree-1.1.3.tgz"
  "version" "1.1.3"
  dependencies:
    "mdn-data" "2.0.14"
    "source-map" "^0.6.1"

"css-what@^6.0.1":
  "integrity" "sha512-HTUrgRJ7r4dsZKU6GjmpfRK1O76h97Z8MfS1G0FozR+oF2kG6Vfe8JE6zwrkbxigziPHinCJ+gCPjA9EaBDtRw=="
  "resolved" "https://registry.npmjs.org/css-what/-/css-what-6.1.0.tgz"
  "version" "6.1.0"

"cssesc@^3.0.0":
  "integrity" "sha512-/Tb/JcjK111nNScGob5MNtsntNM1aCNUDipB/TkwZFhyDrrE47SOx/18wF2bbjgc3ZzCSKW1T5nt5EbFoAz/Vg=="
  "resolved" "https://registry.npmjs.org/cssesc/-/cssesc-3.0.0.tgz"
  "version" "3.0.0"

"cssnano-preset-default@^5.2.14":
  "integrity" "sha512-t0SFesj/ZV2OTylqQVOrFgEh5uanxbO6ZAdeCrNsUQ6fVuXwYTxJPNAGvGTxHbD68ldIJNec7PyYZDBrfDQ+6A=="
  "resolved" "https://registry.npmjs.org/cssnano-preset-default/-/cssnano-preset-default-5.2.14.tgz"
  "version" "5.2.14"
  dependencies:
    "css-declaration-sorter" "^6.3.1"
    "cssnano-utils" "^3.1.0"
    "postcss-calc" "^8.2.3"
    "postcss-colormin" "^5.3.1"
    "postcss-convert-values" "^5.1.3"
    "postcss-discard-comments" "^5.1.2"
    "postcss-discard-duplicates" "^5.1.0"
    "postcss-discard-empty" "^5.1.1"
    "postcss-discard-overridden" "^5.1.0"
    "postcss-merge-longhand" "^5.1.7"
    "postcss-merge-rules" "^5.1.4"
    "postcss-minify-font-values" "^5.1.0"
    "postcss-minify-gradients" "^5.1.1"
    "postcss-minify-params" "^5.1.4"
    "postcss-minify-selectors" "^5.2.1"
    "postcss-normalize-charset" "^5.1.0"
    "postcss-normalize-display-values" "^5.1.0"
    "postcss-normalize-positions" "^5.1.1"
    "postcss-normalize-repeat-style" "^5.1.1"
    "postcss-normalize-string" "^5.1.0"
    "postcss-normalize-timing-functions" "^5.1.0"
    "postcss-normalize-unicode" "^5.1.1"
    "postcss-normalize-url" "^5.1.0"
    "postcss-normalize-whitespace" "^5.1.1"
    "postcss-ordered-values" "^5.1.3"
    "postcss-reduce-initial" "^5.1.2"
    "postcss-reduce-transforms" "^5.1.0"
    "postcss-svgo" "^5.1.0"
    "postcss-unique-selectors" "^5.1.1"

"cssnano-utils@^3.1.0":
  "integrity" "sha512-JQNR19/YZhz4psLX/rQ9M83e3z2Wf/HdJbryzte4a3NSuafyp9w/I4U+hx5C2S9g41qlstH7DEWnZaaj83OuEA=="
  "resolved" "https://registry.npmjs.org/cssnano-utils/-/cssnano-utils-3.1.0.tgz"
  "version" "3.1.0"

"cssnano@^5.0.1":
  "integrity" "sha512-j+BKgDcLDQA+eDifLx0EO4XSA56b7uut3BQFH+wbSaSTuGLuiyTa/wbRYthUXX8LC9mLg+WWKe8h+qJuwTAbHw=="
  "resolved" "https://registry.npmjs.org/cssnano/-/cssnano-5.1.15.tgz"
  "version" "5.1.15"
  dependencies:
    "cssnano-preset-default" "^5.2.14"
    "lilconfig" "^2.0.3"
    "yaml" "^1.10.2"

"csso@^4.2.0":
  "integrity" "sha512-wvlcdIbf6pwKEk7vHj8/Bkc0B4ylXZruLvOgs9doS5eOsOpuodOV2zJChSpkp+pRpYQLQMeF04nr3Z68Sta9jA=="
  "resolved" "https://registry.npmjs.org/csso/-/csso-4.2.0.tgz"
  "version" "4.2.0"
  dependencies:
    "css-tree" "^1.1.2"

"csstype@^3.0.2":
  "integrity" "sha512-M1uQkMl8rQK/szD0LNhtqxIPLpimGm8sOBwU7lLnCpSbTyY3yeU1Vc7l4KT5zT4s/yOxHH5O7tIuuLOCnLADRw=="
  "resolved" "https://registry.npmjs.org/csstype/-/csstype-3.1.3.tgz"
  "version" "3.1.3"

"diff-sequences@^29.6.3":
  "integrity" "sha512-EjePK1srD3P08o2j4f0ExnylqRs5B9tJjcp9t1krH2qRi8CCdsYfwe9JgSLurFBWwq4uOlipzfk5fHNvwFKr8Q=="
  "resolved" "https://registry.npmjs.org/diff-sequences/-/diff-sequences-29.6.3.tgz"
  "version" "29.6.3"

"dom-serializer@^1.0.1":
  "integrity" "sha512-VHwB3KfrcOOkelEG2ZOfxqLZdfkil8PtJi4P8N2MMXucZq2yLp75ClViUlOVwyoHEDjYU433Aq+5zWP61+RGag=="
  "resolved" "https://registry.npmjs.org/dom-serializer/-/dom-serializer-1.4.1.tgz"
  "version" "1.4.1"
  dependencies:
    "domelementtype" "^2.0.1"
    "domhandler" "^4.2.0"
    "entities" "^2.0.0"

"domelementtype@^2.0.1", "domelementtype@^2.2.0":
  "integrity" "sha512-OLETBj6w0OsagBwdXnPdN0cnMfF9opN69co+7ZrbfPGrdpPVNBUj02spi6B1N7wChLQiPn4CSH/zJvXw56gmHw=="
  "resolved" "https://registry.npmjs.org/domelementtype/-/domelementtype-2.3.0.tgz"
  "version" "2.3.0"

"domhandler@^4.2.0", "domhandler@^4.3.1":
  "integrity" "sha512-GrwoxYN+uWlzO8uhUXRl0P+kHE4GtVPfYzVLcUxPL7KNdHKj66vvlhiweIHqYYXWlw+T8iLMp42Lm67ghw4WMQ=="
  "resolved" "https://registry.npmjs.org/domhandler/-/domhandler-4.3.1.tgz"
  "version" "4.3.1"
  dependencies:
    "domelementtype" "^2.2.0"

"domutils@^2.8.0":
  "integrity" "sha512-w96Cjofp72M5IIhpjgobBimYEfoPjx1Vx0BSX9P30WBdZW2WIKU0T1Bd0kz2eNZ9ikjKgHbEyKx8BB6H1L3h3A=="
  "resolved" "https://registry.npmjs.org/domutils/-/domutils-2.8.0.tgz"
  "version" "2.8.0"
  dependencies:
    "dom-serializer" "^1.0.1"
    "domelementtype" "^2.2.0"
    "domhandler" "^4.2.0"

"electron-to-chromium@^1.5.4":
  "integrity" "sha512-kMb204zvK3PsSlgvvwzI3wBIcAw15tRkYk+NQdsjdDtcQWTp2RABbMQ9rUBy8KNEOM+/E6ep+XC3AykiWZld4g=="
  "resolved" "https://registry.npmjs.org/electron-to-chromium/-/electron-to-chromium-1.5.25.tgz"
  "version" "1.5.25"

"entities@^2.0.0":
  "integrity" "sha512-p92if5Nz619I0w+akJrLZH0MX0Pb5DX39XOwQTtXSdQQOaYH03S1uIQp4mhOZtAXrxq4ViO67YTiLBo2638o9A=="
  "resolved" "https://registry.npmjs.org/entities/-/entities-2.2.0.tgz"
  "version" "2.2.0"

"escalade@^3.1.2":
  "integrity" "sha512-WUj2qlxaQtO4g6Pq5c29GTcWGDyd8itL8zTlipgECz3JesAiiOKotd8JU6otB3PACgG6xkJUyVhboMS+bje/jA=="
  "resolved" "https://registry.npmjs.org/escalade/-/escalade-3.2.0.tgz"
  "version" "3.2.0"

"escape-string-regexp@^1.0.5":
  "integrity" "sha512-vbRorB5FUQWvla16U8R/qgaFIya2qGzwDrNmCZuYKrbdSUMG6I1ZCGQRefkRVhuOkIGVne7BQ35DSfo1qvJqFg=="
  "resolved" "https://registry.npmjs.org/escape-string-regexp/-/escape-string-regexp-1.0.5.tgz"
  "version" "1.0.5"

"escape-string-regexp@^2.0.0":
  "integrity" "sha512-UpzcLCXolUWcNu5HtVMHYdXJjArjsF9C0aNnquZYY4uW/Vu0miy5YoWvbV345HauVvcAUnpRuhMMcqTcGOY2+w=="
  "resolved" "https://registry.npmjs.org/escape-string-regexp/-/escape-string-regexp-2.0.0.tgz"
  "version" "2.0.0"

"estree-walker@^0.6.1":
  "integrity" "sha512-SqmZANLWS0mnatqbSfRP5g8OXZC12Fgg1IwNtLsyHDzJizORW4khDfjPqJZsemPWBB2uqykUah5YpQ6epsqC/w=="
  "resolved" "https://registry.npmjs.org/estree-walker/-/estree-walker-0.6.1.tgz"
  "version" "0.6.1"

"estree-walker@^2.0.2":
  "integrity" "sha512-Rfkk/Mp/DL7JVje3u18FxFujQlTNR2q6QfMSMB7AvCBx91NGj/ba3kCfza0f6dVDbw7YlRf/nDrn7pQrCCyQ/w=="
  "resolved" "https://registry.npmjs.org/estree-walker/-/estree-walker-2.0.2.tgz"
  "version" "2.0.2"

"eventemitter3@^4.0.4":
  "integrity" "sha512-8guHBZCwKnFhYdHr2ysuRWErTwhoN2X8XELRlrRwpmfeY2jjuUN4taQMsULKUVo1K4DvZl+0pgfyoysHxvmvEw=="
  "resolved" "https://registry.npmjs.org/eventemitter3/-/eventemitter3-4.0.7.tgz"
  "version" "4.0.7"

"expect@^29.0.0":
  "integrity" "sha512-2Zks0hf1VLFYI1kbh0I5jP3KHHyCHpkfyHBzsSXRFgl/Bg9mWYfMW8oD+PdMPlEwy5HNsR9JutYy6pMeOh61nw=="
  "resolved" "https://registry.npmjs.org/expect/-/expect-29.7.0.tgz"
  "version" "29.7.0"
  dependencies:
    "@jest/expect-utils" "^29.7.0"
    "jest-get-type" "^29.6.3"
    "jest-matcher-utils" "^29.7.0"
    "jest-message-util" "^29.7.0"
    "jest-util" "^29.7.0"

"fill-range@^7.1.1":
  "integrity" "sha512-YsGpe3WHLK8ZYi4tWDg2Jy3ebRz2rXowDxnld4bkQB00cc/1Zw9AWnC0i9ztDJitivtQvaI9KaLyKrc+hBW0yg=="
  "resolved" "https://registry.npmjs.org/fill-range/-/fill-range-7.1.1.tgz"
  "version" "7.1.1"
  dependencies:
    "to-regex-range" "^5.0.1"

"function-bind@^1.1.2":
  "integrity" "sha512-7XHNxH7qX9xG5mIwxkhumTox/MIRNcOgDrxWsMt2pAr23WHp6MrRlN7FBSFpCpr+oVO0F744iUgR82nJMfG2SA=="
  "resolved" "https://registry.npmjs.org/function-bind/-/function-bind-1.1.2.tgz"
  "version" "1.1.2"

"generic-names@^4.0.0":
  "integrity" "sha512-ySFolZQfw9FoDb3ed9d80Cm9f0+r7qj+HJkWjeD9RBfpxEVTlVhol+gvaQB/78WbwYfbnNh8nWHHBSlg072y6A=="
  "resolved" "https://registry.npmjs.org/generic-names/-/generic-names-4.0.0.tgz"
  "version" "4.0.0"
  dependencies:
    "loader-utils" "^3.2.0"

"graceful-fs@^4.2.9":
  "integrity" "sha512-RbJ5/jmFcNNCcDV5o9eTnBLJ/HszWV0P73bc+Ff4nS/rJj+YaS6IGyiOL0VoBYX+l1Wrl3k63h/KrH+nhJ0XvQ=="
  "resolved" "https://registry.npmjs.org/graceful-fs/-/graceful-fs-4.2.11.tgz"
  "version" "4.2.11"

"has-flag@^3.0.0":
  "integrity" "sha512-sKJf1+ceQBr4SMkvQnBDNDtf4TXpVhVGateu0t918bl30FnbE2m4vNLX+VWe/dpjlb+HugGYzW7uQXH98HPEYw=="
  "resolved" "https://registry.npmjs.org/has-flag/-/has-flag-3.0.0.tgz"
  "version" "3.0.0"

"has-flag@^4.0.0":
  "integrity" "sha512-EykJT/Q1KjTWctppgIAgfSO0tKVuZUjhgMr17kqTumMl6Afv3EISleU7qZUzoXDFTAHTDC4NOoG/ZxU3EvlMPQ=="
  "resolved" "https://registry.npmjs.org/has-flag/-/has-flag-4.0.0.tgz"
  "version" "4.0.0"

"hasown@^2.0.2":
  "integrity" "sha512-0hJU9SCPvmMzIBdZFqNPXWa6dqh7WdH0cII9y+CyS8rG3nL48Bclra9HmKhVVUHyPWNH5Y7xDwAB7bfgSjkUMQ=="
  "resolved" "https://registry.npmjs.org/hasown/-/hasown-2.0.2.tgz"
  "version" "2.0.2"
  dependencies:
    "function-bind" "^1.1.2"

"icss-replace-symbols@^1.1.0":
  "integrity" "sha512-chIaY3Vh2mh2Q3RGXttaDIzeiPvaVXJ+C4DAh/w3c37SKZ/U6PGMmuicR2EQQp9bKG8zLMCl7I+PtIoOOPp8Gg=="
  "resolved" "https://registry.npmjs.org/icss-replace-symbols/-/icss-replace-symbols-1.1.0.tgz"
  "version" "1.1.0"

"icss-utils@^5.0.0":
  "integrity" "sha512-soFhflCVWLfRNOPU3iv5Z9VUdT44xFRbzjLsEzSr5AQmgqPMTHdU3PMT1Cf1ssx8fLNJDA1juftYl+PUcv3MqA=="
  "resolved" "https://registry.npmjs.org/icss-utils/-/icss-utils-5.1.0.tgz"
  "version" "5.1.0"

"import-cwd@^3.0.0":
  "integrity" "sha512-4pnzH16plW+hgvRECbDWpQl3cqtvSofHWh44met7ESfZ8UZOWWddm8hEyDTqREJ9RbYHY8gi8DqmaelApoOGMg=="
  "resolved" "https://registry.npmjs.org/import-cwd/-/import-cwd-3.0.0.tgz"
  "version" "3.0.0"
  dependencies:
    "import-from" "^3.0.0"

"import-from@^3.0.0":
  "integrity" "sha512-CiuXOFFSzkU5x/CR0+z7T91Iht4CXgfCxVOFRhh2Zyhg5wOpWvvDLQUsWl+gcN+QscYBjez8hDCt85O7RLDttQ=="
  "resolved" "https://registry.npmjs.org/import-from/-/import-from-3.0.0.tgz"
  "version" "3.0.0"
  dependencies:
    "resolve-from" "^5.0.0"

"is-core-module@^2.13.0":
  "integrity" "sha512-z0vtXSwucUJtANQWldhbtbt7BnL0vxiFjIdDLAatwhDYty2bad6s+rijD6Ri4YuYJubLzIJLUidCh09e1djEVQ=="
  "resolved" "https://registry.npmjs.org/is-core-module/-/is-core-module-2.15.1.tgz"
  "version" "2.15.1"
  dependencies:
    "hasown" "^2.0.2"

"is-number@^7.0.0":
  "integrity" "sha512-41Cifkg6e8TylSpdtTpeLVMqvSBEVzTttHvERD741+pnZ8ANv0004MRL43QKPDlK9cGvNp6NZWZUBlbGXYxxng=="
  "resolved" "https://registry.npmjs.org/is-number/-/is-number-7.0.0.tgz"
  "version" "7.0.0"

"jest-diff@^29.7.0":
  "integrity" "sha512-LMIgiIrhigmPrs03JHpxUh2yISK3vLFPkAodPeo0+BuF7wA2FoQbkEg1u8gBYBThncu7e1oEDUfIXVuTqLRUjw=="
  "resolved" "https://registry.npmjs.org/jest-diff/-/jest-diff-29.7.0.tgz"
  "version" "29.7.0"
  dependencies:
    "chalk" "^4.0.0"
    "diff-sequences" "^29.6.3"
    "jest-get-type" "^29.6.3"
    "pretty-format" "^29.7.0"

"jest-get-type@^29.6.3":
  "integrity" "sha512-zrteXnqYxfQh7l5FHyL38jL39di8H8rHoecLH3JNxH3BwOrBsNeabdap5e0I23lD4HHI8W5VFBZqG4Eaq5LNcw=="
  "resolved" "https://registry.npmjs.org/jest-get-type/-/jest-get-type-29.6.3.tgz"
  "version" "29.6.3"

"jest-matcher-utils@^29.7.0":
  "integrity" "sha512-sBkD+Xi9DtcChsI3L3u0+N0opgPYnCRPtGcQYrgXmR+hmt/fYfWAL0xRXYU8eWOdfuLgBe0YCW3AFtnRLagq/g=="
  "resolved" "https://registry.npmjs.org/jest-matcher-utils/-/jest-matcher-utils-29.7.0.tgz"
  "version" "29.7.0"
  dependencies:
    "chalk" "^4.0.0"
    "jest-diff" "^29.7.0"
    "jest-get-type" "^29.6.3"
    "pretty-format" "^29.7.0"

"jest-message-util@^29.7.0":
  "integrity" "sha512-GBEV4GRADeP+qtB2+6u61stea8mGcOT4mCtrYISZwfu9/ISHFJ/5zOMXYbpBE9RsS5+Gb63DW4FgmnKJ79Kf6w=="
  "resolved" "https://registry.npmjs.org/jest-message-util/-/jest-message-util-29.7.0.tgz"
  "version" "29.7.0"
  dependencies:
    "@babel/code-frame" "^7.12.13"
    "@jest/types" "^29.6.3"
    "@types/stack-utils" "^2.0.0"
    "chalk" "^4.0.0"
    "graceful-fs" "^4.2.9"
    "micromatch" "^4.0.4"
    "pretty-format" "^29.7.0"
    "slash" "^3.0.0"
    "stack-utils" "^2.0.3"

"jest-util@^29.7.0":
  "integrity" "sha512-z6EbKajIpqGKU56y5KBUgy1dt1ihhQJgWzUlZHArA/+X2ad7Cb5iF+AK1EWVL/Bo7Rz9uurpqw6SiBCefUbCGA=="
  "resolved" "https://registry.npmjs.org/jest-util/-/jest-util-29.7.0.tgz"
  "version" "29.7.0"
  dependencies:
    "@jest/types" "^29.6.3"
    "@types/node" "*"
    "chalk" "^4.0.0"
    "ci-info" "^3.2.0"
    "graceful-fs" "^4.2.9"
    "picomatch" "^2.2.3"

"js-tokens@^3.0.0 || ^4.0.0", "js-tokens@^4.0.0":
  "integrity" "sha512-RdJUflcE3cUzKiMqQgsCu06FPu9UdIJO0beYbPhHN4k6apgJtifcoCtT9bcxOpYBtpD2kCM6Sbzg4CausW/PKQ=="
  "resolved" "https://registry.npmjs.org/js-tokens/-/js-tokens-4.0.0.tgz"
  "version" "4.0.0"

"lilconfig@^2.0.3", "lilconfig@^2.0.5":
  "integrity" "sha512-utWOt/GHzuUxnLKxB6dk81RoOeoNeHgbrXiuGk4yyF5qlRz+iIVWu56E2fqGHFrXz0QNUhLB/8nKqvRH66JKGQ=="
  "resolved" "https://registry.npmjs.org/lilconfig/-/lilconfig-2.1.0.tgz"
  "version" "2.1.0"

"loader-utils@^3.2.0":
  "integrity" "sha512-FMJTLMXfCLMLfJxcX9PFqX5qD88Z5MRGaZCVzfuqeZSPsyiBzs+pahDQjbIWz2QIzPZz0NX9Zy4FX3lmK6YHIg=="
  "resolved" "https://registry.npmjs.org/loader-utils/-/loader-utils-3.3.1.tgz"
  "version" "3.3.1"

"lodash.camelcase@^4.3.0":
  "integrity" "sha512-TwuEnCnxbc3rAvhf/LbG7tJUDzhqXyFnv3dtzLOPgCG/hODL7WFnsbwktkD7yUV0RrreP/l1PALq/YSg6VvjlA=="
  "resolved" "https://registry.npmjs.org/lodash.camelcase/-/lodash.camelcase-4.3.0.tgz"
  "version" "4.3.0"

"lodash.memoize@^4.1.2":
  "integrity" "sha512-t7j+NzmgnQzTAYXcsHYLgimltOV1MXHtlOWf6GjL9Kj8GK5FInw5JotxvbOs+IvV1/Dzo04/fCGfLVs7aXb4Ag=="
  "resolved" "https://registry.npmjs.org/lodash.memoize/-/lodash.memoize-4.1.2.tgz"
  "version" "4.1.2"

"lodash.uniq@^4.5.0":
  "integrity" "sha512-xfBaXQd9ryd9dlSDvnvI0lvxfLJlYAZzXomUYzLKtUeOQvOP5piqAWuGtrhWeqaXK9hhoM/iyJc5AV+XfsX3HQ=="
  "resolved" "https://registry.npmjs.org/lodash.uniq/-/lodash.uniq-4.5.0.tgz"
  "version" "4.5.0"

"loose-envify@^1.1.0":
  "integrity" "sha512-lyuxPGr/Wfhrlem2CL/UcnUc1zcqKAImBDzukY7Y5F/yQiNdko6+fRLevlw1HgMySw7f611UIY408EtxRSoK3Q=="
  "resolved" "https://registry.npmjs.org/loose-envify/-/loose-envify-1.4.0.tgz"
  "version" "1.4.0"
  dependencies:
    "js-tokens" "^3.0.0 || ^4.0.0"

"mdn-data@2.0.14":
  "integrity" "sha512-dn6wd0uw5GsdswPFfsgMp5NSB0/aDe6fK94YJV/AJDYXL6HVLWBsxeq7js7Ad+mU2K9LAlwpk6kN2D5mwCPVow=="
  "resolved" "https://registry.npmjs.org/mdn-data/-/mdn-data-2.0.14.tgz"
  "version" "2.0.14"

"micromatch@^4.0.4":
  "integrity" "sha512-PXwfBhYu0hBCPw8Dn0E+WDYb7af3dSLVWKi3HGv84IdF4TyFoC0ysxFd0Goxw7nSv4T/PzEJQxsYsEiFCKo2BA=="
  "resolved" "https://registry.npmjs.org/micromatch/-/micromatch-4.0.8.tgz"
  "version" "4.0.8"
  dependencies:
    "braces" "^3.0.3"
    "picomatch" "^2.3.1"

"mini-svg-data-uri@^1.4.4":
  "integrity" "sha512-r9deDe9p5FJUPZAk3A59wGH7Ii9YrjjWw0jmw/liSbHl2CHiyXj6FcDXDu2K3TjVAXqiJdaw3xxwlZZr9E6nHg=="
  "resolved" "https://registry.npmjs.org/mini-svg-data-uri/-/mini-svg-data-uri-1.4.4.tgz"
  "version" "1.4.4"

"nanoid@^3.3.7":
  "integrity" "sha512-eSRppjcPIatRIMC1U6UngP8XFcz8MQWGQdt1MTBQ7NaAmvXDfvNxbvWV3x2y6CdEUciCSsDHDQZbhYaB8QEo2g=="
  "resolved" "https://registry.npmjs.org/nanoid/-/nanoid-3.3.7.tgz"
  "version" "3.3.7"

"node-releases@^2.0.18":
  "integrity" "sha512-d9VeXT4SJ7ZeOqGX6R5EM022wpL+eWPooLI+5UpWn2jCT1aosUQEhQP214x33Wkwx3JQMvIm+tIoVOdodFS40g=="
  "resolved" "https://registry.npmjs.org/node-releases/-/node-releases-2.0.18.tgz"
  "version" "2.0.18"

"normalize-url@^6.0.1":
  "integrity" "sha512-DlL+XwOy3NxAQ8xuC0okPgK46iuVNAK01YN7RueYBqqFeGsBjV9XmCAzAdgt+667bCl5kPh9EqKKDwnaPG1I7A=="
  "resolved" "https://registry.npmjs.org/normalize-url/-/normalize-url-6.1.0.tgz"
  "version" "6.1.0"

"nth-check@^2.0.1":
  "integrity" "sha512-lqjrjmaOoAnWfMmBPL+XNnynZh2+swxiX3WUE0s4yEHI6m+AwrK2UZOimIRl3X/4QctVqS8AiZjFqyOGrMXb/w=="
  "resolved" "https://registry.npmjs.org/nth-check/-/nth-check-2.1.1.tgz"
  "version" "2.1.1"
  dependencies:
    "boolbase" "^1.0.0"

"p-finally@^1.0.0":
  "integrity" "sha512-LICb2p9CB7FS+0eR1oqWnHhp0FljGLZCWBE9aix0Uye9W8LTQPwMTYVGWQWIw9RdQiDg4+epXQODwIYJtSJaow=="
  "resolved" "https://registry.npmjs.org/p-finally/-/p-finally-1.0.0.tgz"
  "version" "1.0.0"

"p-queue@^6.6.2":
  "integrity" "sha512-RwFpb72c/BhQLEXIZ5K2e+AhgNVmIejGlTgiB9MzZ0e93GRvqZ7uSi0dvRF7/XIXDeNkra2fNHBxTyPDGySpjQ=="
  "resolved" "https://registry.npmjs.org/p-queue/-/p-queue-6.6.2.tgz"
  "version" "6.6.2"
  dependencies:
    "eventemitter3" "^4.0.4"
    "p-timeout" "^3.2.0"

"p-timeout@^3.2.0":
  "integrity" "sha512-rhIwUycgwwKcP9yTOOFK/AKsAopjjCakVqLHePO3CC6Mir1Z99xT+R63jZxAT5lFZLa2inS5h+ZS2GvR99/FBg=="
  "resolved" "https://registry.npmjs.org/p-timeout/-/p-timeout-3.2.0.tgz"
  "version" "3.2.0"
  dependencies:
    "p-finally" "^1.0.0"

"path-parse@^1.0.7":
  "integrity" "sha512-LDJzPVEEEPR+y48z93A0Ed0yXb8pAByGWo/k5YYdYgpY2/2EsOsksJrq7lOHxryrVOn1ejG6oAp8ahvOIQD8sw=="
  "resolved" "https://registry.npmjs.org/path-parse/-/path-parse-1.0.7.tgz"
  "version" "1.0.7"

"picocolors@^1.0.0", "picocolors@^1.0.1", "picocolors@^1.1.0":
  "integrity" "sha512-TQ92mBOW0l3LeMeyLV6mzy/kWr8lkd/hp3mTg7wYK7zJhuBStmGMBG0BdeDZS/dZx1IukaX6Bk11zcln25o1Aw=="
  "resolved" "https://registry.npmjs.org/picocolors/-/picocolors-1.1.0.tgz"
  "version" "1.1.0"

"picomatch@^2.2.3", "picomatch@^2.3.1":
  "integrity" "sha512-JU3teHTNjmE2VCGFzuY8EXzCDVwEqB2a8fsIvwaStHhAWJEeVd1o1QD80CU6+ZdEXXSLbSsuLwJjkCBWqRQUVA=="
  "resolved" "https://registry.npmjs.org/picomatch/-/picomatch-2.3.1.tgz"
  "version" "2.3.1"

"pify@^5.0.0":
  "integrity" "sha512-eW/gHNMlxdSP6dmG6uJip6FXN0EQBwm2clYYd8Wul42Cwu/DK8HEftzsapcNdYe2MfLiIwZqsDk2RDEsTE79hA=="
  "resolved" "https://registry.npmjs.org/pify/-/pify-5.0.0.tgz"
  "version" "5.0.0"

"postcss-calc@^8.2.3":
  "integrity" "sha512-SmWMSJmB8MRnnULldx0lQIyhSNvuDl9HfrZkaqqE/WHAhToYsAvDq+yAsA/kIyINDszOp3Rh0GFoNuH5Ypsm3Q=="
  "resolved" "https://registry.npmjs.org/postcss-calc/-/postcss-calc-8.2.4.tgz"
  "version" "8.2.4"
  dependencies:
    "postcss-selector-parser" "^6.0.9"
    "postcss-value-parser" "^4.2.0"

"postcss-colormin@^5.3.1":
  "integrity" "sha512-UsWQG0AqTFQmpBegeLLc1+c3jIqBNB0zlDGRWR+dQ3pRKJL1oeMzyqmH3o2PIfn9MBdNrVPWhDbT769LxCTLJQ=="
  "resolved" "https://registry.npmjs.org/postcss-colormin/-/postcss-colormin-5.3.1.tgz"
  "version" "5.3.1"
  dependencies:
    "browserslist" "^4.21.4"
    "caniuse-api" "^3.0.0"
    "colord" "^2.9.1"
    "postcss-value-parser" "^4.2.0"

"postcss-convert-values@^5.1.3":
  "integrity" "sha512-82pC1xkJZtcJEfiLw6UXnXVXScgtBrjlO5CBmuDQc+dlb88ZYheFsjTn40+zBVi3DkfF7iezO0nJUPLcJK3pvA=="
  "resolved" "https://registry.npmjs.org/postcss-convert-values/-/postcss-convert-values-5.1.3.tgz"
  "version" "5.1.3"
  dependencies:
    "browserslist" "^4.21.4"
    "postcss-value-parser" "^4.2.0"

"postcss-discard-comments@^5.1.2":
  "integrity" "sha512-+L8208OVbHVF2UQf1iDmRcbdjJkuBF6IS29yBDSiWUIzpYaAhtNl6JYnYm12FnkeCwQqF5LeklOu6rAqgfBZqQ=="
  "resolved" "https://registry.npmjs.org/postcss-discard-comments/-/postcss-discard-comments-5.1.2.tgz"
  "version" "5.1.2"

"postcss-discard-duplicates@^5.1.0":
  "integrity" "sha512-zmX3IoSI2aoenxHV6C7plngHWWhUOV3sP1T8y2ifzxzbtnuhk1EdPwm0S1bIUNaJ2eNbWeGLEwzw8huPD67aQw=="
  "resolved" "https://registry.npmjs.org/postcss-discard-duplicates/-/postcss-discard-duplicates-5.1.0.tgz"
  "version" "5.1.0"

"postcss-discard-empty@^5.1.1":
  "integrity" "sha512-zPz4WljiSuLWsI0ir4Mcnr4qQQ5e1Ukc3i7UfE2XcrwKK2LIPIqE5jxMRxO6GbI3cv//ztXDsXwEWT3BHOGh3A=="
  "resolved" "https://registry.npmjs.org/postcss-discard-empty/-/postcss-discard-empty-5.1.1.tgz"
  "version" "5.1.1"

"postcss-discard-overridden@^5.1.0":
  "integrity" "sha512-21nOL7RqWR1kasIVdKs8HNqQJhFxLsyRfAnUDm4Fe4t4mCWL9OJiHvlHPjcd8zc5Myu89b/7wZDnOSjFgeWRtw=="
  "resolved" "https://registry.npmjs.org/postcss-discard-overridden/-/postcss-discard-overridden-5.1.0.tgz"
  "version" "5.1.0"

"postcss-load-config@^3.0.0":
  "integrity" "sha512-6DiM4E7v4coTE4uzA8U//WhtPwyhiim3eyjEMFCnUpzbrkK9wJHgKDT2mR+HbtSrd/NubVaYTOpSpjUl8NQeRg=="
  "resolved" "https://registry.npmjs.org/postcss-load-config/-/postcss-load-config-3.1.4.tgz"
  "version" "3.1.4"
  dependencies:
    "lilconfig" "^2.0.5"
    "yaml" "^1.10.2"

"postcss-merge-longhand@^5.1.7":
  "integrity" "sha512-YCI9gZB+PLNskrK0BB3/2OzPnGhPkBEwmwhfYk1ilBHYVAZB7/tkTHFBAnCrvBBOmeYyMYw3DMjT55SyxMBzjQ=="
  "resolved" "https://registry.npmjs.org/postcss-merge-longhand/-/postcss-merge-longhand-5.1.7.tgz"
  "version" "5.1.7"
  dependencies:
    "postcss-value-parser" "^4.2.0"
    "stylehacks" "^5.1.1"

"postcss-merge-rules@^5.1.4":
  "integrity" "sha512-0R2IuYpgU93y9lhVbO/OylTtKMVcHb67zjWIfCiKR9rWL3GUk1677LAqD/BcHizukdZEjT8Ru3oHRoAYoJy44g=="
  "resolved" "https://registry.npmjs.org/postcss-merge-rules/-/postcss-merge-rules-5.1.4.tgz"
  "version" "5.1.4"
  dependencies:
    "browserslist" "^4.21.4"
    "caniuse-api" "^3.0.0"
    "cssnano-utils" "^3.1.0"
    "postcss-selector-parser" "^6.0.5"

"postcss-minify-font-values@^5.1.0":
  "integrity" "sha512-el3mYTgx13ZAPPirSVsHqFzl+BBBDrXvbySvPGFnQcTI4iNslrPaFq4muTkLZmKlGk4gyFAYUBMH30+HurREyA=="
  "resolved" "https://registry.npmjs.org/postcss-minify-font-values/-/postcss-minify-font-values-5.1.0.tgz"
  "version" "5.1.0"
  dependencies:
    "postcss-value-parser" "^4.2.0"

"postcss-minify-gradients@^5.1.1":
  "integrity" "sha512-VGvXMTpCEo4qHTNSa9A0a3D+dxGFZCYwR6Jokk+/3oB6flu2/PnPXAh2x7x52EkY5xlIHLm+Le8tJxe/7TNhzw=="
  "resolved" "https://registry.npmjs.org/postcss-minify-gradients/-/postcss-minify-gradients-5.1.1.tgz"
  "version" "5.1.1"
  dependencies:
    "colord" "^2.9.1"
    "cssnano-utils" "^3.1.0"
    "postcss-value-parser" "^4.2.0"

"postcss-minify-params@^5.1.4":
  "integrity" "sha512-+mePA3MgdmVmv6g+30rn57USjOGSAyuxUmkfiWpzalZ8aiBkdPYjXWtHuwJGm1v5Ojy0Z0LaSYhHaLJQB0P8Jw=="
  "resolved" "https://registry.npmjs.org/postcss-minify-params/-/postcss-minify-params-5.1.4.tgz"
  "version" "5.1.4"
  dependencies:
    "browserslist" "^4.21.4"
    "cssnano-utils" "^3.1.0"
    "postcss-value-parser" "^4.2.0"

"postcss-minify-selectors@^5.2.1":
  "integrity" "sha512-nPJu7OjZJTsVUmPdm2TcaiohIwxP+v8ha9NehQ2ye9szv4orirRU3SDdtUmKH+10nzn0bAyOXZ0UEr7OpvLehg=="
  "resolved" "https://registry.npmjs.org/postcss-minify-selectors/-/postcss-minify-selectors-5.2.1.tgz"
  "version" "5.2.1"
  dependencies:
    "postcss-selector-parser" "^6.0.5"

"postcss-modules-extract-imports@^3.0.0":
  "integrity" "sha512-k3kNe0aNFQDAZGbin48pL2VNidTF0w4/eASDsxlyspobzU3wZQLOGj7L9gfRe0Jo9/4uud09DsjFNH7winGv8Q=="
  "resolved" "https://registry.npmjs.org/postcss-modules-extract-imports/-/postcss-modules-extract-imports-3.1.0.tgz"
  "version" "3.1.0"

"postcss-modules-local-by-default@^4.0.0":
  "integrity" "sha512-6MieY7sIfTK0hYfafw1OMEG+2bg8Q1ocHCpoWLqOKj3JXlKu4G7btkmM/B7lFubYkYWmRSPLZi5chid63ZaZYw=="
  "resolved" "https://registry.npmjs.org/postcss-modules-local-by-default/-/postcss-modules-local-by-default-4.0.5.tgz"
  "version" "4.0.5"
  dependencies:
    "icss-utils" "^5.0.0"
    "postcss-selector-parser" "^6.0.2"
    "postcss-value-parser" "^4.1.0"

"postcss-modules-scope@^3.0.0":
  "integrity" "sha512-oq+g1ssrsZOsx9M96c5w8laRmvEu9C3adDSjI8oTcbfkrTE8hx/zfyobUoWIxaKPO8bt6S62kxpw5GqypEw1QQ=="
  "resolved" "https://registry.npmjs.org/postcss-modules-scope/-/postcss-modules-scope-3.2.0.tgz"
  "version" "3.2.0"
  dependencies:
    "postcss-selector-parser" "^6.0.4"

"postcss-modules-values@^4.0.0":
  "integrity" "sha512-RDxHkAiEGI78gS2ofyvCsu7iycRv7oqw5xMWn9iMoR0N/7mf9D50ecQqUo5BZ9Zh2vH4bCUR/ktCqbB9m8vJjQ=="
  "resolved" "https://registry.npmjs.org/postcss-modules-values/-/postcss-modules-values-4.0.0.tgz"
  "version" "4.0.0"
  dependencies:
    "icss-utils" "^5.0.0"

"postcss-modules@^4.0.0":
  "integrity" "sha512-ItUhSUxBBdNamkT3KzIZwYNNRFKmkJrofvC2nWab3CPKhYBQ1f27XXh1PAPE27Psx58jeelPsxWB/+og+KEH0Q=="
  "resolved" "https://registry.npmjs.org/postcss-modules/-/postcss-modules-4.3.1.tgz"
  "version" "4.3.1"
  dependencies:
    "generic-names" "^4.0.0"
    "icss-replace-symbols" "^1.1.0"
    "lodash.camelcase" "^4.3.0"
    "postcss-modules-extract-imports" "^3.0.0"
    "postcss-modules-local-by-default" "^4.0.0"
    "postcss-modules-scope" "^3.0.0"
    "postcss-modules-values" "^4.0.0"
    "string-hash" "^1.1.1"

"postcss-normalize-charset@^5.1.0":
  "integrity" "sha512-mSgUJ+pd/ldRGVx26p2wz9dNZ7ji6Pn8VWBajMXFf8jk7vUoSrZ2lt/wZR7DtlZYKesmZI680qjr2CeFF2fbUg=="
  "resolved" "https://registry.npmjs.org/postcss-normalize-charset/-/postcss-normalize-charset-5.1.0.tgz"
  "version" "5.1.0"

"postcss-normalize-display-values@^5.1.0":
  "integrity" "sha512-WP4KIM4o2dazQXWmFaqMmcvsKmhdINFblgSeRgn8BJ6vxaMyaJkwAzpPpuvSIoG/rmX3M+IrRZEz2H0glrQNEA=="
  "resolved" "https://registry.npmjs.org/postcss-normalize-display-values/-/postcss-normalize-display-values-5.1.0.tgz"
  "version" "5.1.0"
  dependencies:
    "postcss-value-parser" "^4.2.0"

"postcss-normalize-positions@^5.1.1":
  "integrity" "sha512-6UpCb0G4eofTCQLFVuI3EVNZzBNPiIKcA1AKVka+31fTVySphr3VUgAIULBhxZkKgwLImhzMR2Bw1ORK+37INg=="
  "resolved" "https://registry.npmjs.org/postcss-normalize-positions/-/postcss-normalize-positions-5.1.1.tgz"
  "version" "5.1.1"
  dependencies:
    "postcss-value-parser" "^4.2.0"

"postcss-normalize-repeat-style@^5.1.1":
  "integrity" "sha512-mFpLspGWkQtBcWIRFLmewo8aC3ImN2i/J3v8YCFUwDnPu3Xz4rLohDO26lGjwNsQxB3YF0KKRwspGzE2JEuS0g=="
  "resolved" "https://registry.npmjs.org/postcss-normalize-repeat-style/-/postcss-normalize-repeat-style-5.1.1.tgz"
  "version" "5.1.1"
  dependencies:
    "postcss-value-parser" "^4.2.0"

"postcss-normalize-string@^5.1.0":
  "integrity" "sha512-oYiIJOf4T9T1N4i+abeIc7Vgm/xPCGih4bZz5Nm0/ARVJ7K6xrDlLwvwqOydvyL3RHNf8qZk6vo3aatiw/go3w=="
  "resolved" "https://registry.npmjs.org/postcss-normalize-string/-/postcss-normalize-string-5.1.0.tgz"
  "version" "5.1.0"
  dependencies:
    "postcss-value-parser" "^4.2.0"

"postcss-normalize-timing-functions@^5.1.0":
  "integrity" "sha512-DOEkzJ4SAXv5xkHl0Wa9cZLF3WCBhF3o1SKVxKQAa+0pYKlueTpCgvkFAHfk+Y64ezX9+nITGrDZeVGgITJXjg=="
  "resolved" "https://registry.npmjs.org/postcss-normalize-timing-functions/-/postcss-normalize-timing-functions-5.1.0.tgz"
  "version" "5.1.0"
  dependencies:
    "postcss-value-parser" "^4.2.0"

"postcss-normalize-unicode@^5.1.1":
  "integrity" "sha512-qnCL5jzkNUmKVhZoENp1mJiGNPcsJCs1aaRmURmeJGES23Z/ajaln+EPTD+rBeNkSryI+2WTdW+lwcVdOikrpA=="
  "resolved" "https://registry.npmjs.org/postcss-normalize-unicode/-/postcss-normalize-unicode-5.1.1.tgz"
  "version" "5.1.1"
  dependencies:
    "browserslist" "^4.21.4"
    "postcss-value-parser" "^4.2.0"

"postcss-normalize-url@^5.1.0":
  "integrity" "sha512-5upGeDO+PVthOxSmds43ZeMeZfKH+/DKgGRD7TElkkyS46JXAUhMzIKiCa7BabPeIy3AQcTkXwVVN7DbqsiCew=="
  "resolved" "https://registry.npmjs.org/postcss-normalize-url/-/postcss-normalize-url-5.1.0.tgz"
  "version" "5.1.0"
  dependencies:
    "normalize-url" "^6.0.1"
    "postcss-value-parser" "^4.2.0"

"postcss-normalize-whitespace@^5.1.1":
  "integrity" "sha512-83ZJ4t3NUDETIHTa3uEg6asWjSBYL5EdkVB0sDncx9ERzOKBVJIUeDO9RyA9Zwtig8El1d79HBp0JEi8wvGQnA=="
  "resolved" "https://registry.npmjs.org/postcss-normalize-whitespace/-/postcss-normalize-whitespace-5.1.1.tgz"
  "version" "5.1.1"
  dependencies:
    "postcss-value-parser" "^4.2.0"

"postcss-ordered-values@^5.1.3":
  "integrity" "sha512-9UO79VUhPwEkzbb3RNpqqghc6lcYej1aveQteWY+4POIwlqkYE21HKWaLDF6lWNuqCobEAyTovVhtI32Rbv2RQ=="
  "resolved" "https://registry.npmjs.org/postcss-ordered-values/-/postcss-ordered-values-5.1.3.tgz"
  "version" "5.1.3"
  dependencies:
    "cssnano-utils" "^3.1.0"
    "postcss-value-parser" "^4.2.0"

"postcss-reduce-initial@^5.1.2":
  "integrity" "sha512-dE/y2XRaqAi6OvjzD22pjTUQ8eOfc6m/natGHgKFBK9DxFmIm69YmaRVQrGgFlEfc1HePIurY0TmDeROK05rIg=="
  "resolved" "https://registry.npmjs.org/postcss-reduce-initial/-/postcss-reduce-initial-5.1.2.tgz"
  "version" "5.1.2"
  dependencies:
    "browserslist" "^4.21.4"
    "caniuse-api" "^3.0.0"

"postcss-reduce-transforms@^5.1.0":
  "integrity" "sha512-2fbdbmgir5AvpW9RLtdONx1QoYG2/EtqpNQbFASDlixBbAYuTcJ0dECwlqNqH7VbaUnEnh8SrxOe2sRIn24XyQ=="
  "resolved" "https://registry.npmjs.org/postcss-reduce-transforms/-/postcss-reduce-transforms-5.1.0.tgz"
  "version" "5.1.0"
  dependencies:
    "postcss-value-parser" "^4.2.0"

"postcss-selector-parser@^6.0.2", "postcss-selector-parser@^6.0.4", "postcss-selector-parser@^6.0.5", "postcss-selector-parser@^6.0.9":
  "integrity" "sha512-Q8qQfPiZ+THO/3ZrOrO0cJJKfpYCagtMUkXbnEfmgUjwXg6z/WBeOyS9APBBPCTSiDV+s4SwQGu8yFsiMRIudg=="
  "resolved" "https://registry.npmjs.org/postcss-selector-parser/-/postcss-selector-parser-6.1.2.tgz"
  "version" "6.1.2"
  dependencies:
    "cssesc" "^3.0.0"
    "util-deprecate" "^1.0.2"

"postcss-svgo@^5.1.0":
  "integrity" "sha512-D75KsH1zm5ZrHyxPakAxJWtkyXew5qwS70v56exwvw542d9CRtTo78K0WeFxZB4G7JXKKMbEZtZayTGdIky/eA=="
  "resolved" "https://registry.npmjs.org/postcss-svgo/-/postcss-svgo-5.1.0.tgz"
  "version" "5.1.0"
  dependencies:
    "postcss-value-parser" "^4.2.0"
    "svgo" "^2.7.0"

"postcss-unique-selectors@^5.1.1":
  "integrity" "sha512-5JiODlELrz8L2HwxfPnhOWZYWDxVHWL83ufOv84NrcgipI7TaeRsatAhK4Tr2/ZiYldpK/wBvw5BD3qfaK96GA=="
  "resolved" "https://registry.npmjs.org/postcss-unique-selectors/-/postcss-unique-selectors-5.1.1.tgz"
  "version" "5.1.1"
  dependencies:
    "postcss-selector-parser" "^6.0.5"

"postcss-value-parser@^4.1.0", "postcss-value-parser@^4.2.0":
  "integrity" "sha512-1NNCs6uurfkVbeXG4S8JFT9t19m45ICnif8zWLd5oPSZ50QnwMfK+H3jv408d4jw/7Bttv5axS5IiHoLaVNHeQ=="
  "resolved" "https://registry.npmjs.org/postcss-value-parser/-/postcss-value-parser-4.2.0.tgz"
  "version" "4.2.0"

"postcss@^8.0.0", "postcss@^8.0.9", "postcss@^8.1.0", "postcss@^8.2.15", "postcss@^8.2.2", "postcss@^8.4.47", "postcss@>=8.0.9", "postcss@8.x":
  "integrity" "sha512-56rxCq7G/XfB4EkXq9Egn5GCqugWvDFjafDOThIdMBsI15iqPqR5r15TfSr1YPYeEI19YeaXMCbY6u88Y76GLQ=="
  "resolved" "https://registry.npmjs.org/postcss/-/postcss-8.4.47.tgz"
  "version" "8.4.47"
  dependencies:
    "nanoid" "^3.3.7"
    "picocolors" "^1.1.0"
    "source-map-js" "^1.2.1"

"pretty-format@^29.0.0", "pretty-format@^29.7.0":
  "integrity" "sha512-Pdlw/oPxN+aXdmM9R00JVC9WVFoCLTKJvDVLgmJ+qAffBMxsV85l/Lu7sNx4zSzPyoL2euImuEwHhOXdEgNFZQ=="
  "resolved" "https://registry.npmjs.org/pretty-format/-/pretty-format-29.7.0.tgz"
  "version" "29.7.0"
  dependencies:
    "@jest/schemas" "^29.6.3"
    "ansi-styles" "^5.0.0"
    "react-is" "^18.0.0"

"promise.series@^0.2.0":
  "integrity" "sha512-VWQJyU2bcDTgZw8kpfBpB/ejZASlCrzwz5f2hjb/zlujOEB4oeiAhHygAWq8ubsX2GVkD4kCU5V2dwOTaCY5EQ=="
  "resolved" "https://registry.npmjs.org/promise.series/-/promise.series-0.2.0.tgz"
  "version" "0.2.0"

"react-is@^18.0.0":
  "integrity" "sha512-/LLMVyas0ljjAtoYiPqYiL8VWXzUUdThrmU5+n20DZv+a+ClRoevUzw5JxU+Ieh5/c87ytoTBV9G1FiKfNJdmg=="
  "resolved" "https://registry.npmjs.org/react-is/-/react-is-18.3.1.tgz"
  "version" "18.3.1"

"react@>=16":
  "integrity" "sha512-wS+hAgJShR0KhEvPJArfuPVN1+Hz1t0Y6n5jLrGQbkb4urgPE/0Rve+1kMB1v/oWgHgm4WIcV+i7F2pTVj+2iQ=="
  "resolved" "https://registry.npmjs.org/react/-/react-18.3.1.tgz"
  "version" "18.3.1"
  dependencies:
    "loose-envify" "^1.1.0"

"resolve-from@^5.0.0":
  "integrity" "sha512-qYg9KP24dD5qka9J47d0aVky0N+b4fTU89LN9iDnjB5waksiC49rvMB0PrUJQGoTmH50XPiqOvAjDfaijGxYZw=="
  "resolved" "https://registry.npmjs.org/resolve-from/-/resolve-from-5.0.0.tgz"
  "version" "5.0.0"

"resolve@^1.19.0":
  "integrity" "sha512-oKWePCxqpd6FlLvGV1VU0x7bkPmmCNolxzjMf4NczoDnQcIWrAF+cPtZn5i6n+RfD2d9i0tzpKnG6Yk168yIyw=="
  "resolved" "https://registry.npmjs.org/resolve/-/resolve-1.22.8.tgz"
  "version" "1.22.8"
  dependencies:
    "is-core-module" "^2.13.0"
    "path-parse" "^1.0.7"
    "supports-preserve-symlinks-flag" "^1.0.0"

"rollup-plugin-postcss@^4.0.2":
  "integrity" "sha512-05EaY6zvZdmvPUDi3uCcAQoESDcYnv8ogJJQRp6V5kZ6J6P7uAVJlrTZcaaA20wTH527YTnKfkAoPxWI/jPp4w=="
  "resolved" "https://registry.npmjs.org/rollup-plugin-postcss/-/rollup-plugin-postcss-4.0.2.tgz"
  "version" "4.0.2"
  dependencies:
    "chalk" "^4.1.0"
    "concat-with-sourcemaps" "^1.1.0"
    "cssnano" "^5.0.1"
    "import-cwd" "^3.0.0"
    "p-queue" "^6.6.2"
    "pify" "^5.0.0"
    "postcss-load-config" "^3.0.0"
    "postcss-modules" "^4.0.0"
    "promise.series" "^0.2.0"
    "resolve" "^1.19.0"
    "rollup-pluginutils" "^2.8.2"
    "safe-identifier" "^0.4.2"
    "style-inject" "^0.3.0"

"rollup-pluginutils@^2.8.2":
  "integrity" "sha512-EEp9NhnUkwY8aif6bxgovPHMoMoNr2FulJziTndpt5H9RdwC47GSGuII9XxpSdzVGM0GWrNPHV6ie1LTNJPaLQ=="
  "resolved" "https://registry.npmjs.org/rollup-pluginutils/-/rollup-pluginutils-2.8.2.tgz"
  "version" "2.8.2"
  dependencies:
    "estree-walker" "^0.6.1"

"safe-identifier@^0.4.2":
  "integrity" "sha512-6pNbSMW6OhAi9j+N8V+U715yBQsaWJ7eyEUaOrawX+isg5ZxhUlV1NipNtgaKHmFGiABwt+ZF04Ii+3Xjkg+8w=="
  "resolved" "https://registry.npmjs.org/safe-identifier/-/safe-identifier-0.4.2.tgz"
  "version" "0.4.2"

"slash@^3.0.0":
  "integrity" "sha512-g9Q1haeby36OSStwb4ntCGGGaKsaVSjQ68fBxoQcutl5fS1vuY18H3wSt3jFyFtrkx+Kz0V1G85A4MyAdDMi2Q=="
  "resolved" "https://registry.npmjs.org/slash/-/slash-3.0.0.tgz"
  "version" "3.0.0"

"source-map-js@^1.2.1":
  "integrity" "sha512-UXWMKhLOwVKb728IUtQPXxfYU+usdybtUrK/8uGE8CQMvrhOpwvzDBwj0QhSL7MQc7vIsISBG8VQ8+IDQxpfQA=="
  "resolved" "https://registry.npmjs.org/source-map-js/-/source-map-js-1.2.1.tgz"
  "version" "1.2.1"

"source-map@^0.6.1":
  "integrity" "sha512-UjgapumWlbMhkBgzT7Ykc5YXUT46F0iKu8SGXq0bcwP5dz/h0Plj6enJqjz1Zbq2l5WaqYnrVbwWOWMyF3F47g=="
  "resolved" "https://registry.npmjs.org/source-map/-/source-map-0.6.1.tgz"
  "version" "0.6.1"

"stable@^0.1.8":
  "integrity" "sha512-ji9qxRnOVfcuLDySj9qzhGSEFVobyt1kIOSkj1qZzYLzq7Tos/oUUWvotUPQLlrsidqsK6tBH89Bc9kL5zHA6w=="
  "resolved" "https://registry.npmjs.org/stable/-/stable-0.1.8.tgz"
  "version" "0.1.8"

"stack-utils@^2.0.3":
  "integrity" "sha512-XlkWvfIm6RmsWtNJx+uqtKLS8eqFbxUg0ZzLXqY0caEy9l7hruX8IpiDnjsLavoBgqCCR71TqWO8MaXYheJ3RQ=="
  "resolved" "https://registry.npmjs.org/stack-utils/-/stack-utils-2.0.6.tgz"
  "version" "2.0.6"
  dependencies:
    "escape-string-regexp" "^2.0.0"

"string-hash@^1.1.1":
  "integrity" "sha512-kJUvRUFK49aub+a7T1nNE66EJbZBMnBgoC1UbCZ5n6bsZKBRga4KgBRTMn/pFkeCZSYtNeSyMxPDM0AXWELk2A=="
  "resolved" "https://registry.npmjs.org/string-hash/-/string-hash-1.1.3.tgz"
  "version" "1.1.3"

"style-inject@^0.3.0":
  "integrity" "sha512-IezA2qp+vcdlhJaVm5SOdPPTUu0FCEqfNSli2vRuSIBbu5Nq5UvygTk/VzeCqfLz2Atj3dVII5QBKGZRZ0edzw=="
  "resolved" "https://registry.npmjs.org/style-inject/-/style-inject-0.3.0.tgz"
  "version" "0.3.0"

"stylehacks@^5.1.1":
  "integrity" "sha512-sBpcd5Hx7G6seo7b1LkpttvTz7ikD0LlH5RmdcBNb6fFR0Fl7LQwHDFr300q4cwUqi+IYrFGmsIHieMBfnN/Bw=="
  "resolved" "https://registry.npmjs.org/stylehacks/-/stylehacks-5.1.1.tgz"
  "version" "5.1.1"
  dependencies:
    "browserslist" "^4.21.4"
    "postcss-selector-parser" "^6.0.4"

"supports-color@^5.3.0":
  "integrity" "sha512-QjVjwdXIt408MIiAqCX4oUKsgU2EqAGzs2Ppkm4aQYbjm+ZEWEcW4SfFNTr4uMNZma0ey4f5lgLrkB0aX0QMow=="
  "resolved" "https://registry.npmjs.org/supports-color/-/supports-color-5.5.0.tgz"
  "version" "5.5.0"
  dependencies:
    "has-flag" "^3.0.0"

"supports-color@^7.1.0":
  "integrity" "sha512-qpCAvRl9stuOHveKsn7HncJRvv501qIacKzQlO/+Lwxc9+0q2wLyv4Dfvt80/DPn2pqOBsJdDiogXGR9+OvwRw=="
  "resolved" "https://registry.npmjs.org/supports-color/-/supports-color-7.2.0.tgz"
  "version" "7.2.0"
  dependencies:
    "has-flag" "^4.0.0"

"supports-preserve-symlinks-flag@^1.0.0":
  "integrity" "sha512-ot0WnXS9fgdkgIcePe6RHNk1WA8+muPa6cSjeR3V8K27q9BB1rTE3R1p7Hv0z1ZyAc8s6Vvv8DIyWf681MAt0w=="
  "resolved" "https://registry.npmjs.org/supports-preserve-symlinks-flag/-/supports-preserve-symlinks-flag-1.0.0.tgz"
  "version" "1.0.0"

"svgo@^2.7.0":
  "integrity" "sha512-+N/Q9kV1+F+UeWYoSiULYo4xYSDQlTgb+ayMobAXPwMnLvop7oxKMo9OzIrX5x3eS4L4f2UHhc9axXwY8DpChg=="
  "resolved" "https://registry.npmjs.org/svgo/-/svgo-2.8.0.tgz"
  "version" "2.8.0"
  dependencies:
    "@trysound/sax" "0.2.0"
    "commander" "^7.2.0"
    "css-select" "^4.1.3"
    "css-tree" "^1.1.3"
    "csso" "^4.2.0"
    "picocolors" "^1.0.0"
    "stable" "^0.1.8"

"to-regex-range@^5.0.1":
  "integrity" "sha512-65P7iz6X5yEr1cwcgvQxbbIw7Uk3gOy5dIdtZ4rDveLqhrdJP+Li/Hx6tyK0NEb+2GCyneCMJiGqrADCSNk8sQ=="
  "resolved" "https://registry.npmjs.org/to-regex-range/-/to-regex-range-5.0.1.tgz"
  "version" "5.0.1"
  dependencies:
    "is-number" "^7.0.0"

"undici-types@~6.19.2":
  "integrity" "sha512-ve2KP6f/JnbPBFyobGHuerC9g1FYGn/F8n1LWTwNxCEzd6IfqTwUQcNXgEtmmQ6DlRrC1hrSrBnCZPokRrDHjw=="
  "resolved" "https://registry.npmjs.org/undici-types/-/undici-types-6.19.8.tgz"
  "version" "6.19.8"

"update-browserslist-db@^1.1.0":
  "integrity" "sha512-EdRAaAyk2cUE1wOf2DkEhzxqOQvFOoRJFNS6NeyJ01Gp2beMRpBAINjM2iDXE3KCuKhwnvHIQCJm6ThL2Z+HzQ=="
  "resolved" "https://registry.npmjs.org/update-browserslist-db/-/update-browserslist-db-1.1.0.tgz"
  "version" "1.1.0"
  dependencies:
    "escalade" "^3.1.2"
    "picocolors" "^1.0.1"

"util-deprecate@^1.0.2":
  "integrity" "sha512-EPD5q1uXyFxJpCrLnCc1nHnq3gOa6DZBocAIiI2TaSCA7VCJ1UJDMagCzIkXNsUYfD1daK//LTEQ8xiIbrHtcw=="
  "resolved" "https://registry.npmjs.org/util-deprecate/-/util-deprecate-1.0.2.tgz"
  "version" "1.0.2"

"yaml@^1.10.2":
  "integrity" "sha512-r3vXyErRCYJ7wg28yvBY5VSoAF8ZvlcW9/BwUzEtUsjvX/DKs24dIkuwjtuprwJJHsbyUbLApepYTR1BN4uHrg=="
  "resolved" "https://registry.npmjs.org/yaml/-/yaml-1.10.2.tgz"
  "version" "1.10.2"
